
Microsoft Visual Studio Solution File, Format Version 12.00
# Visual Studio Version 17
VisualStudioVersion = 17.2.32505.173
MinimumVisualStudioVersion = 10.0.40219.1
Project("{FAE04EC0-301F-11D3-BF4B-00C04F79EFBC}") = "BlackJackT", "BlackJackT\BlackJackT.csproj", "{C143ED99-9BA3-4384-91E2-82D3F4AA0061}"
EndProject
Global
	GlobalSection(SolutionConfigurationPlatforms) = preSolution
		Debug|Any CPU = Debug|Any CPU
		Release|Any CPU = Release|Any CPU
	EndGlobalSection
	GlobalSection(ProjectConfigurationPlatforms) = postSolution
		{C143ED99-9BA3-4384-91E2-82D3F4AA0061}.Debug|Any CPU.ActiveCfg = Debug|Any CPU
		{C143ED99-9BA3-4384-91E2-82D3F4AA0061}.Debug|Any CPU.Build.0 = Debug|Any CPU
		{C143ED99-9BA3-4384-91E2-82D3F4AA0061}.Release|Any CPU.ActiveCfg = Release|Any CPU
		{C143ED99-9BA3-4384-91E2-82D3F4AA0061}.Release|Any CPU.Build.0 = Release|Any CPU
	EndGlobalSection
	GlobalSection(SolutionProperties) = preSolution
		HideSolutionNode = FALSE
	EndGlobalSection
	GlobalSection(ExtensibilityGlobals) = postSolution
		SolutionGuid = {DA0B0D7C-A66D-4465-9717-492B64FE14D1}
	EndGlobalSection
EndGlobal
